// !$*UTF8*$!
{
	archiveVersion = 1;
	classes = {
	};
	objectVersion = 77;
	objects = {

/* Begin PBXCopyFilesBuildPhase section */
		F74107532DFC98C000602AD5 /* CopyFiles */ = {
			isa = PBXCopyFilesBuildPhase;
			buildActionMask = 2147483647;
			dstPath = /usr/share/man/man1/;
			dstSubfolderSpec = 0;
			files = (
			);
			runOnlyForDeploymentPostprocessing = 1;
		};
/* End PBXCopyFilesBuildPhase section */

/* Begin PBXFileReference section */
		F74107552DFC98C000602AD5 /* AtlasCL */ = {isa = PBXFileReference; explicitFileType = "compiled.mach-o.executable"; includeInIndex = 0; path = AtlasCL; sourceTree = BUILT_PRODUCTS_DIR; };
/* End PBXFileReference section */

/* Begin PBXFileSystemSynchronizedRootGroup section */
		F74107572DFC98C000602AD5 /* AtlasCL */ = {
			isa = PBXFileSystemSynchronizedRootGroup;
			path = AtlasCL;
			sourceTree = "<group>";
		};
		F74DDC572E00BE7B00F763BD /* FSM */ = {
			isa = PBXFileSystemSynchronizedRootGroup;
			name = FSM;
			path = ../FSM;
			sourceTree = SOURCE_ROOT;
		};
		F74DDC7C2E00BE7B00F763BD /* Generated */ = {
			isa = PBXFileSystemSynchronizedRootGroup;
			name = Generated;
			path = ../Generated;
			sourceTree = SOURCE_ROOT;
		};
		F74DDC842E00BE7B00F763BD /* Grammar */ = {
			isa = PBXFileSystemSynchronizedRootGroup;
			name = Grammar;
			path = ../Grammar;
			sourceTree = SOURCE_ROOT;
		};
/* End PBXFileSystemSynchronizedRootGroup section */

/* Begin PBXFrameworksBuildPhase section */
		F74107522DFC98C000602AD5 /* Frameworks */ = {
			isa = PBXFrameworksBuildPhase;
			buildActionMask = 2147483647;
			files = (
			);
			runOnlyForDeploymentPostprocessing = 0;
		};
/* End PBXFrameworksBuildPhase section */

/* Begin PBXGroup section */
		F741074C2DFC98C000602AD5 = {
			isa = PBXGroup;
			children = (
				F74107572DFC98C000602AD5 /* AtlasCL */,
				F74107562DFC98C000602AD5 /* Products */,
				F74DDC572E00BE7B00F763BD /* FSM */,
				F74DDC7C2E00BE7B00F763BD /* Generated */,
				F74DDC842E00BE7B00F763BD /* Grammar */,
			);
			sourceTree = "<group>";
		};
		F74107562DFC98C000602AD5 /* Products */ = {
			isa = PBXGroup;
			children = (
				F74107552DFC98C000602AD5 /* AtlasCL */,
			);
			name = Products;
			sourceTree = "<group>";
		};
/* End PBXGroup section */

/* Begin PBXNativeTarget section */
		F74107542DFC98C000602AD5 /* AtlasCL */ = {
			isa = PBXNativeTarget;
			buildConfigurationList = F741075C2DFC98C000602AD5 /* Build configuration list for PBXNativeTarget "AtlasCL" */;
			buildPhases = (
				F74DDCEB2E02217400F763BD /* Generate FSM Code (SMC) */,
				F74DDC522E00B80A00F763BD /* Generate Grammar Parsers */,
				F74107512DFC98C000602AD5 /* Sources */,
				F74107522DFC98C000602AD5 /* Frameworks */,
				F74107532DFC98C000602AD5 /* CopyFiles */,
				F74107912DFCB09900602AD5 /* Copy and Sign Binary */,
			);
			buildRules = (
			);
			dependencies = (
			);
			fileSystemSynchronizedGroups = (
				F74107572DFC98C000602AD5 /* AtlasCL */,
				F74DDC572E00BE7B00F763BD /* FSM */,
				F74DDC7C2E00BE7B00F763BD /* Generated */,
				F74DDC842E00BE7B00F763BD /* Grammar */,
			);
			name = AtlasCL;
			packageProductDependencies = (
			);
			productName = AtlasCL;
			productReference = F74107552DFC98C000602AD5 /* AtlasCL */;
			productType = "com.apple.product-type.tool";
		};
/* End PBXNativeTarget section */

/* Begin PBXProject section */
		F741074D2DFC98C000602AD5 /* Project object */ = {
			isa = PBXProject;
			attributes = {
				BuildIndependentTargetsInParallel = 1;
				LastUpgradeCheck = 2600;
				TargetAttributes = {
					F74107542DFC98C000602AD5 = {
						CreatedOnToolsVersion = 26.0;
					};
				};
			};
			buildConfigurationList = F74107502DFC98C000602AD5 /* Build configuration list for PBXProject "AtlasCL" */;
			developmentRegion = en;
			hasScannedForEncodings = 0;
			knownRegions = (
				en,
				Base,
			);
			mainGroup = F741074C2DFC98C000602AD5;
			minimizedProjectReferenceProxies = 1;
			preferredProjectObjectVersion = 77;
			productRefGroup = F74107562DFC98C000602AD5 /* Products */;
			projectDirPath = "";
			projectRoot = "";
			targets = (
				F74107542DFC98C000602AD5 /* AtlasCL */,
			);
		};
/* End PBXProject section */

/* Begin PBXShellScriptBuildPhase section */
		F74107912DFCB09900602AD5 /* Copy and Sign Binary */ = {
			isa = PBXShellScriptBuildPhase;
			buildActionMask = 2147483647;
			files = (
			);
			inputFileListPaths = (
			);
			inputPaths = (
			);
			name = "Copy and Sign Binary";
			outputFileListPaths = (
			);
			outputPaths = (
			);
			runOnlyForDeploymentPostprocessing = 0;
			shellPath = /bin/sh;
			shellScript = "# Type a script or drag a script file from your workspace to insert its path.\necho \"Copying from: ${BUILT_PRODUCTS_DIR}/${EXECUTABLE_PATH}\"\necho \"            to: $HOME/bin/\"\n\nmkdir -p \"$HOME/bin\"\n\nif [ -f \"${BUILT_PRODUCTS_DIR}/${EXECUTABLE_PATH}\" ]; then\n  cp -v \"${BUILT_PRODUCTS_DIR}/${EXECUTABLE_PATH}\" \"$HOME/bin/\"\n  codesign --force --deep --sign - \"$HOME/bin/${EXECUTABLE_PATH}\"\nelse\n  echo \"ERROR: Binary not found: ${BUILT_PRODUCTS_DIR}/${EXECUTABLE_PATH}\"\n  exit 1\nfi\n";
		};
		F74DDC522E00B80A00F763BD /* Generate Grammar Parsers */ = {
			isa = PBXShellScriptBuildPhase;
			buildActionMask = 2147483647;
			files = (
			);
			inputFileListPaths = (
			);
			inputPaths = (
			);
			name = "Generate Grammar Parsers";
			outputFileListPaths = (
			);
			outputPaths = (
			);
			runOnlyForDeploymentPostprocessing = 0;
			shellPath = /bin/sh;
			shellScript = "# Type a script or drag a script file from your workspace to insert its path.\n#!/bin/bash\nset -e\n\nANTLR=\"${SRCROOT}/../../../DevTools/pccts/bin/antlr\"\nDLG=\"${SRCROOT}/../../../DevTools/pccts/bin/dlg\"\nSMC=\"${SRCROOT}/../../../DevTools/smc/smc\"\n\nGRAMMAR_DIR=\"${SRCROOT}/../Grammar\"\nFSM_DIR=\"${SRCROOT}/../FSM\"\nOUTPUT_DIR=\"${SRCROOT}/../Generated\"\n\nmkdir -p \"$OUTPUT_DIR\"\n\necho \"📘 Generating grammar sources...\"\ncd \"$GRAMMAR_DIR\" || { echo \"❌ Could not cd to $GRAMMAR_DIR\"; exit 1; }\n\n$ANTLR -ge -gt -CC -ft AtlasTokens.h -fl AtlasDLG.dlg -k 4 -prc on -mrhoist on -rl 80000 \\\n    tokens.g atlas1.g verbs.g atlas2.g expression.g comparison.g -o ${OUTPUT_DIR}\n\n$DLG -C2 -CC -ci -cl AtlasDLG AtlasDLG.dlg -o ${OUTPUT_DIR}\n\necho \"📘 Generating TEDL grammar...\"\n$ANTLR -CC -gxt -ft AtlasTokens.h -gx -gt -w2 -k 2 -prc on -rl 80000 tokens.g tedl.g -o ${OUTPUT_DIR}\n# $DLG -C2 -CC -ci -cl TedlDLG TedlDLG.dlg  # Uncomment if TedlDLG.dlg exists\n\necho \"✅ Grammar generation complete.\"\n";
		};
		F74DDCEB2E02217400F763BD /* Generate FSM Code (SMC) */ = {
			isa = PBXShellScriptBuildPhase;
			buildActionMask = 2147483647;
			files = (
			);
			inputFileListPaths = (
			);
			inputPaths = (
			);
			name = "Generate FSM Code (SMC)";
			outputFileListPaths = (
			);
			outputPaths = (
			);
			runOnlyForDeploymentPostprocessing = 0;
			shellPath = /bin/sh;
			shellScript = "# Type a script or drag a script file from your workspace to insert its path.\necho \"🧠 Generating FSM code from .sm files...\"\n\nFSM_DIR=\"${SRCROOT}/FSM\"\nGEN_DIR=\"${SRCROOT}/Generated\"\nSMC_EXEC=\"${SRCROOT}/../smcplusplus/smc\"  # adjust if installed elsewhere\n\nmkdir -p \"$GEN_DIR\"\n\nfind \"$FSM_DIR\" -name '*.sm' | while read -r smfile; do\n    echo \"  🌀 Processing $(basename \"$smfile\")\"\n    \"$SMC_EXEC\" -o \"$GEN_DIR\" \"$smfile\" || exit 1\ndone\n\necho \"✅ SMC generation complete.\"\n";
		};
/* End PBXShellScriptBuildPhase section */

/* Begin PBXSourcesBuildPhase section */
		F74107512DFC98C000602AD5 /* Sources */ = {
			isa = PBXSourcesBuildPhase;
			buildActionMask = 2147483647;
			files = (
			);
			runOnlyForDeploymentPostprocessing = 0;
		};
/* End PBXSourcesBuildPhase section */

/* Begin XCBuildConfiguration section */
		F741075A2DFC98C000602AD5 /* Debug */ = {
			isa = XCBuildConfiguration;
			buildSettings = {
				ALWAYS_SEARCH_USER_PATHS = NO;
				ASSETCATALOG_COMPILER_GENERATE_SWIFT_ASSET_SYMBOL_EXTENSIONS = YES;
				CLANG_ANALYZER_NONNULL = YES;
				CLANG_ANALYZER_NUMBER_OBJECT_CONVERSION = YES_AGGRESSIVE;
				CLANG_CXX_LANGUAGE_STANDARD = "gnu++20";
				CLANG_ENABLE_MODULES = YES;
				CLANG_ENABLE_OBJC_ARC = YES;
				CLANG_ENABLE_OBJC_WEAK = YES;
				CLANG_WARN_BLOCK_CAPTURE_AUTORELEASING = YES;
				CLANG_WARN_BOOL_CONVERSION = YES;
				CLANG_WARN_COMMA = YES;
				CLANG_WARN_CONSTANT_CONVERSION = YES;
				CLANG_WARN_DEPRECATED_OBJC_IMPLEMENTATIONS = YES;
				CLANG_WARN_DIRECT_OBJC_ISA_USAGE = YES_ERROR;
				CLANG_WARN_DOCUMENTATION_COMMENTS = YES;
				CLANG_WARN_EMPTY_BODY = YES;
				CLANG_WARN_ENUM_CONVERSION = YES;
				CLANG_WARN_INFINITE_RECURSION = YES;
				CLANG_WARN_INT_CONVERSION = YES;
				CLANG_WARN_NON_LITERAL_NULL_CONVERSION = YES;
				CLANG_WARN_OBJC_IMPLICIT_RETAIN_SELF = YES;
				CLANG_WARN_OBJC_LITERAL_CONVERSION = YES;
				CLANG_WARN_OBJC_ROOT_CLASS = YES_ERROR;
				CLANG_WARN_QUOTED_INCLUDE_IN_FRAMEWORK_HEADER = YES;
				CLANG_WARN_RANGE_LOOP_ANALYSIS = YES;
				CLANG_WARN_STRICT_PROTOTYPES = YES;
				CLANG_WARN_SUSPICIOUS_MOVE = YES;
				CLANG_WARN_UNGUARDED_AVAILABILITY = YES_AGGRESSIVE;
				CLANG_WARN_UNREACHABLE_CODE = YES;
				CLANG_WARN__DUPLICATE_METHOD_MATCH = YES;
				COPY_PHASE_STRIP = NO;
				DEBUG_INFORMATION_FORMAT = dwarf;
				DEVELOPMENT_TEAM = 4HVP45GV3U;
				ENABLE_STRICT_OBJC_MSGSEND = YES;
				ENABLE_TESTABILITY = YES;
				ENABLE_USER_SCRIPT_SANDBOXING = NO;
				GCC_C_LANGUAGE_STANDARD = gnu17;
				GCC_DYNAMIC_NO_PIC = NO;
				GCC_NO_COMMON_BLOCKS = YES;
				GCC_OPTIMIZATION_LEVEL = 0;
				GCC_PREPROCESSOR_DEFINITIONS = (
					"DEBUG=1",
					"$(inherited)",
				);
				GCC_WARN_64_TO_32_BIT_CONVERSION = YES;
				GCC_WARN_ABOUT_RETURN_TYPE = YES_ERROR;
				GCC_WARN_UNDECLARED_SELECTOR = YES;
				GCC_WARN_UNINITIALIZED_AUTOS = YES_AGGRESSIVE;
				GCC_WARN_UNUSED_FUNCTION = YES;
				GCC_WARN_UNUSED_VARIABLE = YES;
				HEADER_SEARCH_PATHS = "";
				LOCALIZATION_PREFERS_STRING_CATALOGS = YES;
				MACOSX_DEPLOYMENT_TARGET = 26.0;
				MTL_ENABLE_DEBUG_INFO = INCLUDE_SOURCE;
				MTL_FAST_MATH = YES;
				ONLY_ACTIVE_ARCH = YES;
				SDKROOT = macosx;
			};
			name = Debug;
		};
		F741075B2DFC98C000602AD5 /* Release */ = {
			isa = XCBuildConfiguration;
			buildSettings = {
				ALWAYS_SEARCH_USER_PATHS = NO;
				ASSETCATALOG_COMPILER_GENERATE_SWIFT_ASSET_SYMBOL_EXTENSIONS = YES;
				CLANG_ANALYZER_NONNULL = YES;
				CLANG_ANALYZER_NUMBER_OBJECT_CONVERSION = YES_AGGRESSIVE;
				CLANG_CXX_LANGUAGE_STANDARD = "gnu++20";
				CLANG_ENABLE_MODULES = YES;
				CLANG_ENABLE_OBJC_ARC = YES;
				CLANG_ENABLE_OBJC_WEAK = YES;
				CLANG_WARN_BLOCK_CAPTURE_AUTORELEASING = YES;
				CLANG_WARN_BOOL_CONVERSION = YES;
				CLANG_WARN_COMMA = YES;
				CLANG_WARN_CONSTANT_CONVERSION = YES;
				CLANG_WARN_DEPRECATED_OBJC_IMPLEMENTATIONS = YES;
				CLANG_WARN_DIRECT_OBJC_ISA_USAGE = YES_ERROR;
				CLANG_WARN_DOCUMENTATION_COMMENTS = YES;
				CLANG_WARN_EMPTY_BODY = YES;
				CLANG_WARN_ENUM_CONVERSION = YES;
				CLANG_WARN_INFINITE_RECURSION = YES;
				CLANG_WARN_INT_CONVERSION = YES;
				CLANG_WARN_NON_LITERAL_NULL_CONVERSION = YES;
				CLANG_WARN_OBJC_IMPLICIT_RETAIN_SELF = YES;
				CLANG_WARN_OBJC_LITERAL_CONVERSION = YES;
				CLANG_WARN_OBJC_ROOT_CLASS = YES_ERROR;
				CLANG_WARN_QUOTED_INCLUDE_IN_FRAMEWORK_HEADER = YES;
				CLANG_WARN_RANGE_LOOP_ANALYSIS = YES;
				CLANG_WARN_STRICT_PROTOTYPES = YES;
				CLANG_WARN_SUSPICIOUS_MOVE = YES;
				CLANG_WARN_UNGUARDED_AVAILABILITY = YES_AGGRESSIVE;
				CLANG_WARN_UNREACHABLE_CODE = YES;
				CLANG_WARN__DUPLICATE_METHOD_MATCH = YES;
				COPY_PHASE_STRIP = NO;
				DEBUG_INFORMATION_FORMAT = "dwarf-with-dsym";
				DEVELOPMENT_TEAM = 4HVP45GV3U;
				ENABLE_NS_ASSERTIONS = NO;
				ENABLE_STRICT_OBJC_MSGSEND = YES;
				ENABLE_USER_SCRIPT_SANDBOXING = NO;
				GCC_C_LANGUAGE_STANDARD = gnu17;
				GCC_NO_COMMON_BLOCKS = YES;
				GCC_WARN_64_TO_32_BIT_CONVERSION = YES;
				GCC_WARN_ABOUT_RETURN_TYPE = YES_ERROR;
				GCC_WARN_UNDECLARED_SELECTOR = YES;
				GCC_WARN_UNINITIALIZED_AUTOS = YES_AGGRESSIVE;
				GCC_WARN_UNUSED_FUNCTION = YES;
				GCC_WARN_UNUSED_VARIABLE = YES;
				HEADER_SEARCH_PATHS = "";
				LOCALIZATION_PREFERS_STRING_CATALOGS = YES;
				MACOSX_DEPLOYMENT_TARGET = 26.0;
				MTL_ENABLE_DEBUG_INFO = NO;
				MTL_FAST_MATH = YES;
				SDKROOT = macosx;
			};
			name = Release;
		};
		F741075D2DFC98C000602AD5 /* Debug */ = {
			isa = XCBuildConfiguration;
			buildSettings = {
				CODE_SIGN_STYLE = Automatic;
				DEVELOPMENT_TEAM = 4HVP45GV3U;
				ENABLE_HARDENED_RUNTIME = YES;
				HEADER_SEARCH_PATHS = "/Volumes/GitHubDeveloper/DevTools/pccts/h/**";
				"HEADER_SEARCH_PATHS[arch=*]" = "";
				OTHER_CPLUSPLUSFLAGS = (
					"$(OTHER_CFLAGS)",
					"-I/Volumes/GitHubDeveloper/DevTools/pccts/h",
				);
				PRODUCT_NAME = "$(TARGET_NAME)";
			};
			name = Debug;
		};
		F741075E2DFC98C000602AD5 /* Release */ = {
			isa = XCBuildConfiguration;
			buildSettings = {
				CODE_SIGN_STYLE = Automatic;
				DEVELOPMENT_TEAM = 4HVP45GV3U;
				ENABLE_HARDENED_RUNTIME = YES;
				HEADER_SEARCH_PATHS = "/Volumes/GitHubDeveloper/DevTools/pccts/h/**";
				OTHER_CPLUSPLUSFLAGS = (
					"$(OTHER_CFLAGS)",
					"-I/Volumes/GitHubDeveloper/DevTools/pccts/h",
				);
				PRODUCT_NAME = "$(TARGET_NAME)";
			};
			name = Release;
		};
/* End XCBuildConfiguration section */

/* Begin XCConfigurationList section */
		F74107502DFC98C000602AD5 /* Build configuration list for PBXProject "AtlasCL" */ = {
			isa = XCConfigurationList;
			buildConfigurations = (
				F741075A2DFC98C000602AD5 /* Debug */,
				F741075B2DFC98C000602AD5 /* Release */,
			);
			defaultConfigurationIsVisible = 0;
			defaultConfigurationName = Release;
		};
		F741075C2DFC98C000602AD5 /* Build configuration list for PBXNativeTarget "AtlasCL" */ = {
			isa = XCConfigurationList;
			buildConfigurations = (
				F741075D2DFC98C000602AD5 /* Debug */,
				F741075E2DFC98C000602AD5 /* Release */,
			);
			defaultConfigurationIsVisible = 0;
			defaultConfigurationName = Release;
		};
/* End XCConfigurationList section */
	};
	rootObject = F741074D2DFC98C000602AD5 /* Project object */;
}
