// !$*UTF8*$!
{
	archiveVersion = 1;
	classes = {
	};
	objectVersion = 77;
	objects = {

/* Begin PBXBuildFile section */
		F7C7C4092E0DB0C100106AAA /* DLexerBase.cpp in Sources */ = {isa = PBXBuildFile; fileRef = F7C7C4042E0DB0C000106AAA /* DLexerBase.cpp */; };
		F7C7C40A2E0DB0C100106AAA /* ASTBase.cpp in Sources */ = {isa = PBXBuildFile; fileRef = F7C7C4052E0DB0C000106AAA /* ASTBase.cpp */; };
		F7C7C40B2E0DB0C100106AAA /* AParser.cpp in Sources */ = {isa = PBXBuildFile; fileRef = F7C7C4062E0DB0C000106AAA /* AParser.cpp */; };
		F7C7C40C2E0DB0C100106AAA /* ATokenBuffer.cpp in Sources */ = {isa = PBXBuildFile; fileRef = F7C7C4072E0DB0C100106AAA /* ATokenBuffer.cpp */; };
		F7C7C40D2E0DB0C100106AAA /* PCCTSAST.cpp in Sources */ = {isa = PBXBuildFile; fileRef = F7C7C4082E0DB0C100106AAA /* PCCTSAST.cpp */; };
/* End PBXBuildFile section */

/* Begin PBXCopyFilesBuildPhase section */
		F794056F2E06582A00BBE333 /* CopyFiles */ = {
			isa = PBXCopyFilesBuildPhase;
			buildActionMask = 2147483647;
			dstPath = /usr/share/man/man1/;
			dstSubfolderSpec = 0;
			files = (
			);
			runOnlyForDeploymentPostprocessing = 1;
		};
/* End PBXCopyFilesBuildPhase section */

/* Begin PBXFileReference section */
		F79405712E06582A00BBE333 /* AtlasCL */ = {isa = PBXFileReference; explicitFileType = "compiled.mach-o.executable"; includeInIndex = 0; path = AtlasCL; sourceTree = BUILT_PRODUCTS_DIR; };
		F7C7C4042E0DB0C000106AAA /* DLexerBase.cpp */ = {isa = PBXFileReference; lastKnownFileType = sourcecode.cpp.cpp; name = DLexerBase.cpp; path = ../../../DevTools/pccts/h/DLexerBase.cpp; sourceTree = "<group>"; };
		F7C7C4052E0DB0C000106AAA /* ASTBase.cpp */ = {isa = PBXFileReference; lastKnownFileType = sourcecode.cpp.cpp; name = ASTBase.cpp; path = ../../../DevTools/pccts/h/ASTBase.cpp; sourceTree = "<group>"; };
		F7C7C4062E0DB0C000106AAA /* AParser.cpp */ = {isa = PBXFileReference; lastKnownFileType = sourcecode.cpp.cpp; name = AParser.cpp; path = ../../../DevTools/pccts/h/AParser.cpp; sourceTree = "<group>"; };
		F7C7C4072E0DB0C100106AAA /* ATokenBuffer.cpp */ = {isa = PBXFileReference; lastKnownFileType = sourcecode.cpp.cpp; name = ATokenBuffer.cpp; path = ../../../DevTools/pccts/h/ATokenBuffer.cpp; sourceTree = "<group>"; };
		F7C7C4082E0DB0C100106AAA /* PCCTSAST.cpp */ = {isa = PBXFileReference; lastKnownFileType = sourcecode.cpp.cpp; name = PCCTSAST.cpp; path = ../../../DevTools/pccts/h/PCCTSAST.cpp; sourceTree = "<group>"; };
/* End PBXFileReference section */

/* Begin PBXFileSystemSynchronizedRootGroup section */
		F79405732E06582A00BBE333 /* AtlasCL */ = {
			isa = PBXFileSystemSynchronizedRootGroup;
			path = AtlasCL;
			sourceTree = "<group>";
		};
		F79FE4CE2E0A476E006F0B19 /* Generated */ = {
			isa = PBXFileSystemSynchronizedRootGroup;
			name = Generated;
			path = ../Generated;
			sourceTree = SOURCE_ROOT;
		};
		F79FE4F02E0AF972006F0B19 /* FSM */ = {
			isa = PBXFileSystemSynchronizedRootGroup;
			name = FSM;
			path = ../FSM;
			sourceTree = SOURCE_ROOT;
		};
		F79FE4F22E0B026D006F0B19 /* bin */ = {
			isa = PBXFileSystemSynchronizedRootGroup;
			name = bin;
			path = ../bin;
			sourceTree = SOURCE_ROOT;
		};
		F79FE4FA2E0B026D006F0B19 /* Grammar */ = {
			isa = PBXFileSystemSynchronizedRootGroup;
			name = Grammar;
			path = ../Grammar;
			sourceTree = SOURCE_ROOT;
		};
		F79FE5772E0B026D006F0B19 /* Include */ = {
			isa = PBXFileSystemSynchronizedRootGroup;
			name = Include;
			path = ../Include;
			sourceTree = SOURCE_ROOT;
		};
		F79FE6642E0B026D006F0B19 /* Sources */ = {
			isa = PBXFileSystemSynchronizedRootGroup;
			name = Sources;
			path = ../Sources;
			sourceTree = SOURCE_ROOT;
		};
		F7C7C3BB2E0C982F00106AAA /* Data */ = {
			isa = PBXFileSystemSynchronizedRootGroup;
			name = Data;
			path = ../Data;
			sourceTree = SOURCE_ROOT;
		};
		F7EBF3312E0B14890027BF45 /* BuildSupport */ = {
			isa = PBXFileSystemSynchronizedRootGroup;
			path = BuildSupport;
			sourceTree = "<group>";
		};
/* End PBXFileSystemSynchronizedRootGroup section */

/* Begin PBXFrameworksBuildPhase section */
		F794056E2E06582A00BBE333 /* Frameworks */ = {
			isa = PBXFrameworksBuildPhase;
			buildActionMask = 2147483647;
			files = (
			);
			runOnlyForDeploymentPostprocessing = 0;
		};
/* End PBXFrameworksBuildPhase section */

/* Begin PBXGroup section */
		F79405682E06582A00BBE333 = {
			isa = PBXGroup;
			children = (
				F7C7C4062E0DB0C000106AAA /* AParser.cpp */,
				F7C7C4052E0DB0C000106AAA /* ASTBase.cpp */,
				F7C7C4072E0DB0C100106AAA /* ATokenBuffer.cpp */,
				F7C7C4042E0DB0C000106AAA /* DLexerBase.cpp */,
				F7C7C4082E0DB0C100106AAA /* PCCTSAST.cpp */,
				F7C7C3BB2E0C982F00106AAA /* Data */,
				F7EBF3312E0B14890027BF45 /* BuildSupport */,
				F79405732E06582A00BBE333 /* AtlasCL */,
				F79FE4F22E0B026D006F0B19 /* bin */,
				F79FE4F02E0AF972006F0B19 /* FSM */,
				F79FE4CE2E0A476E006F0B19 /* Generated */,
				F79FE4FA2E0B026D006F0B19 /* Grammar */,
				F79FE5772E0B026D006F0B19 /* Include */,
				F79405722E06582A00BBE333 /* Products */,
				F79FE6642E0B026D006F0B19 /* Sources */,
			);
			sourceTree = "<group>";
		};
		F79405722E06582A00BBE333 /* Products */ = {
			isa = PBXGroup;
			children = (
				F79405712E06582A00BBE333 /* AtlasCL */,
			);
			name = Products;
			sourceTree = "<group>";
		};
/* End PBXGroup section */

/* Begin PBXNativeTarget section */
		F79405702E06582A00BBE333 /* AtlasCL */ = {
			isa = PBXNativeTarget;
			buildConfigurationList = F79405782E06582A00BBE333 /* Build configuration list for PBXNativeTarget "AtlasCL" */;
			buildPhases = (
				F78CAC782E0724AA00DDB894 /* Generate FSM Code */,
				F78CAC792E07250800DDB894 /* Generate Grammar Parsers */,
				F794056D2E06582A00BBE333 /* Sources */,
				F794056E2E06582A00BBE333 /* Frameworks */,
				F794056F2E06582A00BBE333 /* CopyFiles */,
				F78CAC772E07247000DDB894 /* Copy and Sign Binary */,
			);
			buildRules = (
			);
			dependencies = (
			);
			fileSystemSynchronizedGroups = (
				F79405732E06582A00BBE333 /* AtlasCL */,
				F79FE4CE2E0A476E006F0B19 /* Generated */,
				F79FE5772E0B026D006F0B19 /* Include */,
				F79FE6642E0B026D006F0B19 /* Sources */,
				F7EBF3312E0B14890027BF45 /* BuildSupport */,
			);
			name = AtlasCL;
			packageProductDependencies = (
			);
			productName = AtlasCL;
			productReference = F79405712E06582A00BBE333 /* AtlasCL */;
			productType = "com.apple.product-type.tool";
		};
/* End PBXNativeTarget section */

/* Begin PBXProject section */
		F79405692E06582A00BBE333 /* Project object */ = {
			isa = PBXProject;
			attributes = {
				BuildIndependentTargetsInParallel = 1;
				LastUpgradeCheck = 2600;
				TargetAttributes = {
					F79405702E06582A00BBE333 = {
						CreatedOnToolsVersion = 26.0;
					};
				};
			};
			buildConfigurationList = F794056C2E06582A00BBE333 /* Build configuration list for PBXProject "AtlasCL" */;
			developmentRegion = en;
			hasScannedForEncodings = 0;
			knownRegions = (
				en,
				Base,
			);
			mainGroup = F79405682E06582A00BBE333;
			minimizedProjectReferenceProxies = 1;
			preferredProjectObjectVersion = 77;
			productRefGroup = F79405722E06582A00BBE333 /* Products */;
			projectDirPath = "";
			projectRoot = "";
			targets = (
				F79405702E06582A00BBE333 /* AtlasCL */,
			);
		};
/* End PBXProject section */

/* Begin PBXShellScriptBuildPhase section */
		F78CAC772E07247000DDB894 /* Copy and Sign Binary */ = {
			isa = PBXShellScriptBuildPhase;
			buildActionMask = 2147483647;
			files = (
			);
			inputFileListPaths = (
			);
			inputPaths = (
			);
			name = "Copy and Sign Binary";
			outputFileListPaths = (
			);
			outputPaths = (
			);
			runOnlyForDeploymentPostprocessing = 0;
			shellPath = /bin/sh;
			shellScript = "#!/bin/bash\n# Copy and Sign Binary\necho \"Copying from: ${BUILT_PRODUCTS_DIR}/${EXECUTABLE_PATH}\"\necho \"            to: $HOME/bin/\"\n\nmkdir -p \"$HOME/bin\"\n\nif [ -f \"${BUILT_PRODUCTS_DIR}/${EXECUTABLE_PATH}\" ]; then\n  cp -v \"${BUILT_PRODUCTS_DIR}/${EXECUTABLE_PATH}\" \"$HOME/bin/\"\n  codesign --force --deep --sign - \"$HOME/bin/${EXECUTABLE_PATH}\"\nelse\n  echo \"ERROR: Binary not found: ${BUILT_PRODUCTS_DIR}/${EXECUTABLE_PATH}\"\n  exit 1\nfi\n";
		};
		F78CAC782E0724AA00DDB894 /* Generate FSM Code */ = {
			isa = PBXShellScriptBuildPhase;
			buildActionMask = 2147483647;
			files = (
			);
			inputFileListPaths = (
			);
			inputPaths = (
			);
			name = "Generate FSM Code";
			outputFileListPaths = (
			);
			outputPaths = (
			);
			runOnlyForDeploymentPostprocessing = 0;
			shellPath = /bin/sh;
			shellScript = "#!/bin/bash\n# Generate FSM Code\necho \"🧠 Generating FSM code from .sm files...\"\n\nFSM_DIR=\"${SRCROOT}/../FSM\"\nGEN_DIR=\"${SRCROOT}/../Generated\"\nSMC_EXEC=\"${SRCROOT}/../../../DevTools/smcplusplus/smc\" # adjust if installed elsewhere\n\nmkdir -p \"$GEN_DIR\"\n\nfind \"$FSM_DIR\" -name '*.sm' | while read -r smfile; do\n    echo \"  🌀 Processing $(basename \"$smfile\")\"\n    \"$SMC_EXEC\" -o \"$GEN_DIR\" \"$smfile\" || exit 1\ndone\n\necho \"✅ SMC generation complete!\"\n";
		};
		F78CAC792E07250800DDB894 /* Generate Grammar Parsers */ = {
			isa = PBXShellScriptBuildPhase;
			buildActionMask = 2147483647;
			files = (
			);
			inputFileListPaths = (
			);
			inputPaths = (
			);
			name = "Generate Grammar Parsers";
			outputFileListPaths = (
			);
			outputPaths = (
			);
			runOnlyForDeploymentPostprocessing = 0;
			shellPath = /bin/sh;
			shellScript = "#!/bin/bash\n# Generate Grammar Parsers\nset -e\n\nANTLR=\"${SRCROOT}/../../../DevTools/pccts/bin/antlr\"\nDLG=\"${SRCROOT}/../../../DevTools/pccts/bin/dlg\"\nSMC=\"${SRCROOT}/../../../DevTools/smcplusplus/smc\"\n\nGRAMMAR_DIR=\"${SRCROOT}/../Grammar\"\nFSM_DIR=\"${SRCROOT}/../FSM\"\nOUTPUT_DIR=\"${SRCROOT}/../Generated\"\n\nmkdir -p \"$OUTPUT_DIR\"\n\necho \"📘 Generating grammar sources...\"\ncd \"$GRAMMAR_DIR\" || { echo \"❌ Could not cd to $GRAMMAR_DIR\"; exit 1; }\n\n$ANTLR -ge -gt -CC -ft AtlasTokens.h -fl AtlasDLG.dlg -k 4 -prc on -mrhoist on -rl 80000 \\\n    tokens.g atlas1.g verbs.g atlas2.g expression.g comparison.g -o ${OUTPUT_DIR}\n\n##$DLG -C2 -CC -ci -cl AtlasDLG AtlasDLG.dlg -o ${OUTPUT_DIR}\n\necho \"📘 Running DLG...\"\n$DLG -C2 -CC -ci -cl AtlasDLG \"${OUTPUT_DIR}/AtlasDLG.dlg\" -o \"${OUTPUT_DIR}\"\n\n\necho \"📘 Generating TEDL grammar...\"\n$ANTLR -CC -gxt -ft AtlasTokens.h -gx -gt -w2 -k 2 -prc on -rl 80000 tokens.g tedl.g -o ${OUTPUT_DIR}\n# $DLG -C2 -CC -ci -cl TedlDLG TedlDLG.dlg  # Uncomment if TedlDLG.dlg exists\n\necho \"✅ Grammar generation complete.\"\n\n";
		};
/* End PBXShellScriptBuildPhase section */

/* Begin PBXSourcesBuildPhase section */
		F794056D2E06582A00BBE333 /* Sources */ = {
			isa = PBXSourcesBuildPhase;
			buildActionMask = 2147483647;
			files = (
				F7C7C4092E0DB0C100106AAA /* DLexerBase.cpp in Sources */,
				F7C7C40A2E0DB0C100106AAA /* ASTBase.cpp in Sources */,
				F7C7C40B2E0DB0C100106AAA /* AParser.cpp in Sources */,
				F7C7C40C2E0DB0C100106AAA /* ATokenBuffer.cpp in Sources */,
				F7C7C40D2E0DB0C100106AAA /* PCCTSAST.cpp in Sources */,
			);
			runOnlyForDeploymentPostprocessing = 0;
		};
/* End PBXSourcesBuildPhase section */

/* Begin XCBuildConfiguration section */
		F79405762E06582A00BBE333 /* Debug */ = {
			isa = XCBuildConfiguration;
			baseConfigurationReferenceAnchor = F7EBF3312E0B14890027BF45 /* BuildSupport */;
			baseConfigurationReferenceRelativePath = AtlasCL.xcconfig;
			buildSettings = {
				ALWAYS_SEARCH_USER_PATHS = NO;
				ASSETCATALOG_COMPILER_GENERATE_SWIFT_ASSET_SYMBOL_EXTENSIONS = YES;
				CLANG_ANALYZER_NONNULL = YES;
				CLANG_ANALYZER_NUMBER_OBJECT_CONVERSION = YES_AGGRESSIVE;
				CLANG_CXX_LANGUAGE_STANDARD = "gnu++20";
				CLANG_ENABLE_MODULES = YES;
				CLANG_ENABLE_OBJC_ARC = YES;
				CLANG_ENABLE_OBJC_WEAK = YES;
				CLANG_WARN_BLOCK_CAPTURE_AUTORELEASING = YES;
				CLANG_WARN_BOOL_CONVERSION = YES;
				CLANG_WARN_COMMA = YES;
				CLANG_WARN_CONSTANT_CONVERSION = YES;
				CLANG_WARN_DEPRECATED_OBJC_IMPLEMENTATIONS = YES;
				CLANG_WARN_DIRECT_OBJC_ISA_USAGE = YES_ERROR;
				CLANG_WARN_DOCUMENTATION_COMMENTS = YES;
				CLANG_WARN_EMPTY_BODY = YES;
				CLANG_WARN_ENUM_CONVERSION = YES;
				CLANG_WARN_INFINITE_RECURSION = YES;
				CLANG_WARN_INT_CONVERSION = YES;
				CLANG_WARN_NON_LITERAL_NULL_CONVERSION = YES;
				CLANG_WARN_OBJC_IMPLICIT_RETAIN_SELF = YES;
				CLANG_WARN_OBJC_LITERAL_CONVERSION = YES;
				CLANG_WARN_OBJC_ROOT_CLASS = YES_ERROR;
				CLANG_WARN_QUOTED_INCLUDE_IN_FRAMEWORK_HEADER = YES;
				CLANG_WARN_RANGE_LOOP_ANALYSIS = YES;
				CLANG_WARN_STRICT_PROTOTYPES = YES;
				CLANG_WARN_SUSPICIOUS_MOVE = YES;
				CLANG_WARN_UNGUARDED_AVAILABILITY = YES_AGGRESSIVE;
				CLANG_WARN_UNREACHABLE_CODE = YES;
				CLANG_WARN__DUPLICATE_METHOD_MATCH = YES;
				COPY_PHASE_STRIP = NO;
				DEBUG_INFORMATION_FORMAT = dwarf;
				DEVELOPMENT_TEAM = 4HVP45GV3U;
				ENABLE_STRICT_OBJC_MSGSEND = YES;
				ENABLE_TESTABILITY = YES;
				ENABLE_USER_SCRIPT_SANDBOXING = YES;
				GCC_C_LANGUAGE_STANDARD = gnu17;
				GCC_DYNAMIC_NO_PIC = NO;
				GCC_NO_COMMON_BLOCKS = YES;
				GCC_OPTIMIZATION_LEVEL = 0;
				GCC_PREPROCESSOR_DEFINITIONS = (
					"DEBUG=1",
					"$(inherited)",
				);
				GCC_WARN_64_TO_32_BIT_CONVERSION = YES;
				GCC_WARN_ABOUT_RETURN_TYPE = YES_ERROR;
				GCC_WARN_UNDECLARED_SELECTOR = YES;
				GCC_WARN_UNINITIALIZED_AUTOS = YES_AGGRESSIVE;
				GCC_WARN_UNUSED_FUNCTION = YES;
				GCC_WARN_UNUSED_VARIABLE = YES;
				LOCALIZATION_PREFERS_STRING_CATALOGS = YES;
				MACOSX_DEPLOYMENT_TARGET = 26.0;
				MTL_ENABLE_DEBUG_INFO = INCLUDE_SOURCE;
				MTL_FAST_MATH = YES;
				ONLY_ACTIVE_ARCH = YES;
				SDKROOT = macosx;
			};
			name = Debug;
		};
		F79405772E06582A00BBE333 /* Release */ = {
			isa = XCBuildConfiguration;
			baseConfigurationReferenceAnchor = F7EBF3312E0B14890027BF45 /* BuildSupport */;
			baseConfigurationReferenceRelativePath = AtlasCL.xcconfig;
			buildSettings = {
				ALWAYS_SEARCH_USER_PATHS = NO;
				ASSETCATALOG_COMPILER_GENERATE_SWIFT_ASSET_SYMBOL_EXTENSIONS = YES;
				CLANG_ANALYZER_NONNULL = YES;
				CLANG_ANALYZER_NUMBER_OBJECT_CONVERSION = YES_AGGRESSIVE;
				CLANG_CXX_LANGUAGE_STANDARD = "gnu++20";
				CLANG_ENABLE_MODULES = YES;
				CLANG_ENABLE_OBJC_ARC = YES;
				CLANG_ENABLE_OBJC_WEAK = YES;
				CLANG_WARN_BLOCK_CAPTURE_AUTORELEASING = YES;
				CLANG_WARN_BOOL_CONVERSION = YES;
				CLANG_WARN_COMMA = YES;
				CLANG_WARN_CONSTANT_CONVERSION = YES;
				CLANG_WARN_DEPRECATED_OBJC_IMPLEMENTATIONS = YES;
				CLANG_WARN_DIRECT_OBJC_ISA_USAGE = YES_ERROR;
				CLANG_WARN_DOCUMENTATION_COMMENTS = YES;
				CLANG_WARN_EMPTY_BODY = YES;
				CLANG_WARN_ENUM_CONVERSION = YES;
				CLANG_WARN_INFINITE_RECURSION = YES;
				CLANG_WARN_INT_CONVERSION = YES;
				CLANG_WARN_NON_LITERAL_NULL_CONVERSION = YES;
				CLANG_WARN_OBJC_IMPLICIT_RETAIN_SELF = YES;
				CLANG_WARN_OBJC_LITERAL_CONVERSION = YES;
				CLANG_WARN_OBJC_ROOT_CLASS = YES_ERROR;
				CLANG_WARN_QUOTED_INCLUDE_IN_FRAMEWORK_HEADER = YES;
				CLANG_WARN_RANGE_LOOP_ANALYSIS = YES;
				CLANG_WARN_STRICT_PROTOTYPES = YES;
				CLANG_WARN_SUSPICIOUS_MOVE = YES;
				CLANG_WARN_UNGUARDED_AVAILABILITY = YES_AGGRESSIVE;
				CLANG_WARN_UNREACHABLE_CODE = YES;
				CLANG_WARN__DUPLICATE_METHOD_MATCH = YES;
				COPY_PHASE_STRIP = NO;
				DEBUG_INFORMATION_FORMAT = "dwarf-with-dsym";
				DEVELOPMENT_TEAM = 4HVP45GV3U;
				ENABLE_NS_ASSERTIONS = NO;
				ENABLE_STRICT_OBJC_MSGSEND = YES;
				ENABLE_USER_SCRIPT_SANDBOXING = YES;
				GCC_C_LANGUAGE_STANDARD = gnu17;
				GCC_NO_COMMON_BLOCKS = YES;
				GCC_WARN_64_TO_32_BIT_CONVERSION = YES;
				GCC_WARN_ABOUT_RETURN_TYPE = YES_ERROR;
				GCC_WARN_UNDECLARED_SELECTOR = YES;
				GCC_WARN_UNINITIALIZED_AUTOS = YES_AGGRESSIVE;
				GCC_WARN_UNUSED_FUNCTION = YES;
				GCC_WARN_UNUSED_VARIABLE = YES;
				LOCALIZATION_PREFERS_STRING_CATALOGS = YES;
				MACOSX_DEPLOYMENT_TARGET = 26.0;
				MTL_ENABLE_DEBUG_INFO = NO;
				MTL_FAST_MATH = YES;
				SDKROOT = macosx;
			};
			name = Release;
		};
		F79405792E06582A00BBE333 /* Debug */ = {
			isa = XCBuildConfiguration;
			baseConfigurationReferenceAnchor = F7EBF3312E0B14890027BF45 /* BuildSupport */;
			baseConfigurationReferenceRelativePath = AtlasCL.xcconfig;
			buildSettings = {
				CODE_SIGN_STYLE = Automatic;
				DEVELOPMENT_TEAM = 4HVP45GV3U;
				ENABLE_HARDENED_RUNTIME = YES;
				PRODUCT_NAME = "$(TARGET_NAME)";
				STRIP_INSTALLED_PRODUCT = NO;
			};
			name = Debug;
		};
		F794057A2E06582A00BBE333 /* Release */ = {
			isa = XCBuildConfiguration;
			baseConfigurationReferenceAnchor = F7EBF3312E0B14890027BF45 /* BuildSupport */;
			baseConfigurationReferenceRelativePath = AtlasCL.xcconfig;
			buildSettings = {
				CODE_SIGN_STYLE = Automatic;
				DEVELOPMENT_TEAM = 4HVP45GV3U;
				ENABLE_HARDENED_RUNTIME = YES;
				PRODUCT_NAME = "$(TARGET_NAME)";
				STRIP_INSTALLED_PRODUCT = NO;
			};
			name = Release;
		};
/* End XCBuildConfiguration section */

/* Begin XCConfigurationList section */
		F794056C2E06582A00BBE333 /* Build configuration list for PBXProject "AtlasCL" */ = {
			isa = XCConfigurationList;
			buildConfigurations = (
				F79405762E06582A00BBE333 /* Debug */,
				F79405772E06582A00BBE333 /* Release */,
			);
			defaultConfigurationIsVisible = 0;
			defaultConfigurationName = Release;
		};
		F79405782E06582A00BBE333 /* Build configuration list for PBXNativeTarget "AtlasCL" */ = {
			isa = XCConfigurationList;
			buildConfigurations = (
				F79405792E06582A00BBE333 /* Debug */,
				F794057A2E06582A00BBE333 /* Release */,
			);
			defaultConfigurationIsVisible = 0;
			defaultConfigurationName = Release;
		};
/* End XCConfigurationList section */
	};
	rootObject = F79405692E06582A00BBE333 /* Project object */;
}
